// !$*UTF8*$!
{
	archiveVersion = 1;
	classes = {
	};
	objectVersion = 77;
	objects = {

/* Begin PBXBuildFile section */
		03D53A6EB4CBD1DB79221C3B /* test_public_source_audit.cpython-311.pyc in Resources */ = {isa = PBXBuildFile; fileRef = E3C7AA5FE474F2B0F4942712 /* test_public_source_audit.cpython-311.pyc */; };
		05762BCDB5FE7A55013C6F45 /* ThemeBloomOverlayView.swift in Sources */ = {isa = PBXBuildFile; fileRef = 790AF48F39DD5343CBE881A6 /* ThemeBloomOverlayView.swift */; };
		0654DC22E2501B4951A26BFE /* test_release_record.py in Resources */ = {isa = PBXBuildFile; fileRef = C2879217A8D520BEFF1A3DDF /* test_release_record.py */; };
		079332B9FB6FBCB05DED167A /* AppLegalDocumentCatalog.swift in Sources */ = {isa = PBXBuildFile; fileRef = 937C67F1563F730486A9FF73 /* AppLegalDocumentCatalog.swift */; };
		09C9B971793E48829CB0AE27 /* ThemeCornerView.swift in Sources */ = {isa = PBXBuildFile; fileRef = EB14414349ACA9D3CC7A3EF1 /* ThemeCornerView.swift */; };
		1022BDD4FF31689CCB1D7759 /* AppTheme.swift in Sources */ = {isa = PBXBuildFile; fileRef = DFABCFD1BEF385568B9BF4EA /* AppTheme.swift */; };
		1160894EAA05A7EC215319C3 /* SecondaryActionButton.swift in Sources */ = {isa = PBXBuildFile; fileRef = 14E8F93D9F82F283040DB353 /* SecondaryActionButton.swift */; };
		11DE171DD66FDDD4C0D43801 /* PrimaryDownloadButton.swift in Sources */ = {isa = PBXBuildFile; fileRef = 931E25C7AB2E503C4C7B7F38 /* PrimaryDownloadButton.swift */; };
		18873BDA2E197F2BC8B09342 /* RUNTIME_SOURCE_AND_RELINKING.md in Resources */ = {isa = PBXBuildFile; fileRef = AA7B997FB8A6990FFB8233A7 /* RUNTIME_SOURCE_AND_RELINKING.md */; };
		18C0040930918FD9BAD82838 /* SeparationSession.swift in Sources */ = {isa = PBXBuildFile; fileRef = 2FFC48D671BC2854B8BC03C6 /* SeparationSession.swift */; };
		267156A6E7A017C36043F085 /* StemOutputPanelView.swift in Sources */ = {isa = PBXBuildFile; fileRef = 514DDF6747AAA656DA623D24 /* StemOutputPanelView.swift */; };
		26FA8CFBCE47AE6575D863D1 /* AppShellBackgroundView.swift in Sources */ = {isa = PBXBuildFile; fileRef = C850DEB51CE9BC2582008533 /* AppShellBackgroundView.swift */; };
		2E8F9EBD2247BB97FF64B786 /* AudioInputPanelView.swift in Sources */ = {isa = PBXBuildFile; fileRef = 22F69CCF7DC596A0F6645684 /* AudioInputPanelView.swift */; };
		3910642C845C2D3EEF352E14 /* test_dmg_configuration.cpython-311.pyc in Resources */ = {isa = PBXBuildFile; fileRef = 1D128C1D731A9BADF1C9C1AD /* test_dmg_configuration.cpython-311.pyc */; };
		3A906241051D4C7BB2A140C0 /* AppTheme.swift in Sources */ = {isa = PBXBuildFile; fileRef = DFABCFD1BEF385568B9BF4EA /* AppTheme.swift */; };
		3C38562944EBA63FA339382E /* AppLegalDocumentModalView.swift in Sources */ = {isa = PBXBuildFile; fileRef = 00D9A7F5D5AD7ED7F5B821C0 /* AppLegalDocumentModalView.swift */; };
		3EFCCE1A6EE1AA500A1A3D29 /* DownloaderShellView.swift in Sources */ = {isa = PBXBuildFile; fileRef = A902CECCB56A0CFC5F765095 /* DownloaderShellView.swift */; };
		462EF1F16545FF2663D10DCB /* ExitPresenceContainer.swift in Sources */ = {isa = PBXBuildFile; fileRef = 5C5F0FC14EEB596CFD35706A /* ExitPresenceContainer.swift */; };
		47694EAE294901DAFA05A8FB /* test_runtime_audit.cpython-311.pyc in Resources */ = {isa = PBXBuildFile; fileRef = 58A7FD0485CF42BE334EC59E /* test_runtime_audit.cpython-311.pyc */; };
		57D2B1C5A1D0121DD02A53A3 /* Sparkle in Frameworks */ = {isa = PBXBuildFile; productRef = 12E4B448DB4E8BC14F677414 /* Sparkle */; };
		59C828F49CB92F7339668CBF /* AppFooterSocialLinksView.swift in Sources */ = {isa = PBXBuildFile; fileRef = C4A99C697CF61726B7D2FD58 /* AppFooterSocialLinksView.swift */; };
		59D94F741D41865300A5429D /* ResponsibleUseGateView.swift in Sources */ = {isa = PBXBuildFile; fileRef = B768AE7006B4CB529434C08C /* ResponsibleUseGateView.swift */; };
		65EF0FA42A1481EB92625898 /* TemplateFeaturePanelView.swift in Sources */ = {isa = PBXBuildFile; fileRef = BD0439FB8DE83F9E0DE15060 /* TemplateFeaturePanelView.swift */; };
		6AA05FAC3631F2FCBDE7C349 /* ToneControlMotion.swift in Sources */ = {isa = PBXBuildFile; fileRef = DF4C77DA53A94F52D1277BD4 /* ToneControlMotion.swift */; };
		6BA30719EF28AC5DA1656725 /* Assets.xcassets in Resources */ = {isa = PBXBuildFile; fileRef = BA88B052F2A8D52F091AA96F /* Assets.xcassets */; };
		6CD6D24FFCD37E1CBD05E20E /* AppUpdateCoordinator.swift in Sources */ = {isa = PBXBuildFile; fileRef = 59B68645F3171630A3303F42 /* AppUpdateCoordinator.swift */; };
		6DE00BEE942685BEEB1E2CBD /* AppLifecycleCoordinator.swift in Sources */ = {isa = PBXBuildFile; fileRef = 315B9AD9D6392BCCBFA0101A /* AppLifecycleCoordinator.swift */; };
		769EC81DA7D2FE7A0BFF102D /* AppCommandDispatcher.swift in Sources */ = {isa = PBXBuildFile; fileRef = 38DF6617A5BF2D77D15ADA0C /* AppCommandDispatcher.swift */; };
		7AE0BDB154418FD9227CACD1 /* TEMPLATE_APP_PRIVACY.md in Resources */ = {isa = PBXBuildFile; fileRef = F7463691DE9D6483EB32AAB2 /* TEMPLATE_APP_PRIVACY.md */; };
		7AFC92FDC3CBAF4181614111 /* SeparationJob.swift in Sources */ = {isa = PBXBuildFile; fileRef = 30BD99D8253D78AB2EF493D4 /* SeparationJob.swift */; };
		938D01EB63B9CE585FE9C937 /* JobControl.swift in Sources */ = {isa = PBXBuildFile; fileRef = E2B5F7AE21C9F91779DFBF9B /* JobControl.swift */; };
		97D36F89FE5A4AA02145F6C3 /* BrandColumnView.swift in Sources */ = {isa = PBXBuildFile; fileRef = E6AB110765C0E0F0C6DE637D /* BrandColumnView.swift */; };
		98BC8F19AE104061B96307DD /* StemWorkerProcess.swift in Sources */ = {isa = PBXBuildFile; fileRef = 6AD43994106677F3D6CB125F /* StemWorkerProcess.swift */; };
		9EF466967D738FAC4D4A383C /* PrimaryDownloadButton.swift in Sources */ = {isa = PBXBuildFile; fileRef = 931E25C7AB2E503C4C7B7F38 /* PrimaryDownloadButton.swift */; };
		A27256EA0D32E91B1FFEDA4A /* test_dmg_configuration.py in Resources */ = {isa = PBXBuildFile; fileRef = C849E7230290D95F33F053E6 /* test_dmg_configuration.py */; };
		A4DF94765451ED06D47A28F5 /* SeparationTests.swift in Sources */ = {isa = PBXBuildFile; fileRef = 0EBCEF816BB66D8087F477F0 /* SeparationTests.swift */; };
		B8294C121A3B3912013E8561 /* test_public_source_audit.py in Resources */ = {isa = PBXBuildFile; fileRef = 0889DCC446E7EA33D28849B6 /* test_public_source_audit.py */; };
		BE8BE8D0EFB6553D9E062A0B /* BrandLogoMarkView.swift in Sources */ = {isa = PBXBuildFile; fileRef = 1114495D82EEFE3AE371DC0C /* BrandLogoMarkView.swift */; };
		C7E5C7EDBEBA14A614EDEA2C /* AppSettingsStore.swift in Sources */ = {isa = PBXBuildFile; fileRef = BF29846BB57854B5197B4DC6 /* AppSettingsStore.swift */; };
		CB28B323DF2AD2EE948D870F /* TemplateAppApp.swift in Sources */ = {isa = PBXBuildFile; fileRef = A495096F093EFB5F1388071E /* TemplateAppApp.swift */; };
		CF6C05F20F9C9DA7D4FF5432 /* StemOutputWriter.swift in Sources */ = {isa = PBXBuildFile; fileRef = 22AEB09AD89F72B589A455FF /* StemOutputWriter.swift */; };
		CF9A9834C184BA2220E933DE /* THIRD_PARTY_NOTICES.md in Resources */ = {isa = PBXBuildFile; fileRef = BA37DFAF9DF0E85439EBCDDC /* THIRD_PARTY_NOTICES.md */; };
		D06ACCCC0B57FB0DF3DD82E2 /* StemSeparatorUITests.swift in Sources */ = {isa = PBXBuildFile; fileRef = FE2DB81823889AB605EAA4F3 /* StemSeparatorUITests.swift */; };
		D15967DA01EFAD36F01E11CD /* test_runtime_audit.py in Resources */ = {isa = PBXBuildFile; fileRef = D6F6262CCA5398A31AEE29A4 /* test_runtime_audit.py */; };
		D3D254322EB36131FDFD3AA2 /* JobWorkspace.swift in Sources */ = {isa = PBXBuildFile; fileRef = C7CE1E833B57EED2E3F9076A /* JobWorkspace.swift */; };
		D4A2744F9E40D63C6B47A48C /* TemplateShellState.swift in Sources */ = {isa = PBXBuildFile; fileRef = 2FD8870D221F963DF629A51E /* TemplateShellState.swift */; };
		D502C1873CD34017FF4CE11F /* AudioPreparationService.swift in Sources */ = {isa = PBXBuildFile; fileRef = E359DB3ECC19E7BE70726171 /* AudioPreparationService.swift */; };
		D7868D33D8EA87B58FB5EA7F /* ToneControlMotion.swift in Sources */ = {isa = PBXBuildFile; fileRef = DF4C77DA53A94F52D1277BD4 /* ToneControlMotion.swift */; };
		DCD489F6AB0CEE2375C76ED9 /* AppEnvironment.swift in Sources */ = {isa = PBXBuildFile; fileRef = 9C9B0F4362DA6DB7835A8385 /* AppEnvironment.swift */; };
		DEE6A53EAF83D7EDCA414454 /* RootView.swift in Sources */ = {isa = PBXBuildFile; fileRef = 2CABCD6B574D7F5D900A76F3 /* RootView.swift */; };
		E34CA4598004450E720D0C00 /* TEMPLATE_APP_TERMS.md in Resources */ = {isa = PBXBuildFile; fileRef = 38777D240E2B653DE3FFEC2B /* TEMPLATE_APP_TERMS.md */; };
		EDFDDE775ED9580F62B2CE6D /* AppFooterSurfaceView.swift in Sources */ = {isa = PBXBuildFile; fileRef = 6180375E919CB790A55A48B9 /* AppFooterSurfaceView.swift */; };
		EE014BB44BA63077525A5B5C /* RuntimeLicenses in Resources */ = {isa = PBXBuildFile; fileRef = AC2242FF8BD32967600A8E2F /* RuntimeLicenses */; };
		F9665FD5CBD1A819B58F13F3 /* test_release_record.cpython-311.pyc in Resources */ = {isa = PBXBuildFile; fileRef = 39619B8B13584C213BD8FA52 /* test_release_record.cpython-311.pyc */; };
		F9FA9A2D132847D347E77062 /* ToneButtonOverlayRenderer.swift in Sources */ = {isa = PBXBuildFile; fileRef = 608816B9CA6D3C149F1BECFE /* ToneButtonOverlayRenderer.swift */; };
		FA2045B93575867BC2765391 /* SeparationStore.swift in Sources */ = {isa = PBXBuildFile; fileRef = F04A64E6C2B0CA964E2C5708 /* SeparationStore.swift */; };
/* End PBXBuildFile section */

/* Begin PBXContainerItemProxy section */
		AF66CCC96F81644CF99DE7A1 /* PBXContainerItemProxy */ = {
			isa = PBXContainerItemProxy;
			containerPortal = 2BF7CC23E6F7C85CA8CC3C42 /* Project object */;
			proxyType = 1;
			remoteGlobalIDString = FF9475F9CF7E79D6AA9EE50E;
			remoteInfo = TemplateApp;
		};
		E2090990DCCEF7422736A79C /* PBXContainerItemProxy */ = {
			isa = PBXContainerItemProxy;
			containerPortal = 2BF7CC23E6F7C85CA8CC3C42 /* Project object */;
			proxyType = 1;
			remoteGlobalIDString = FF9475F9CF7E79D6AA9EE50E;
			remoteInfo = TemplateApp;
		};
/* End PBXContainerItemProxy section */

/* Begin PBXFileReference section */
		00D9A7F5D5AD7ED7F5B821C0 /* AppLegalDocumentModalView.swift */ = {isa = PBXFileReference; lastKnownFileType = sourcecode.swift; path = AppLegalDocumentModalView.swift; sourceTree = "<group>"; };
		01ACF3C58AB8F12B87CF5924 /* TemplateApp.app */ = {isa = PBXFileReference; explicitFileType = wrapper.application; includeInIndex = 0; path = TemplateApp.app; sourceTree = BUILT_PRODUCTS_DIR; };
		0889DCC446E7EA33D28849B6 /* test_public_source_audit.py */ = {isa = PBXFileReference; lastKnownFileType = text.script.python; path = test_public_source_audit.py; sourceTree = "<group>"; };
		0EBCEF816BB66D8087F477F0 /* SeparationTests.swift */ = {isa = PBXFileReference; lastKnownFileType = sourcecode.swift; path = SeparationTests.swift; sourceTree = "<group>"; };
		1114495D82EEFE3AE371DC0C /* BrandLogoMarkView.swift */ = {isa = PBXFileReference; lastKnownFileType = sourcecode.swift; path = BrandLogoMarkView.swift; sourceTree = "<group>"; };
		14E8F93D9F82F283040DB353 /* SecondaryActionButton.swift */ = {isa = PBXFileReference; lastKnownFileType = sourcecode.swift; path = SecondaryActionButton.swift; sourceTree = "<group>"; };
		1D128C1D731A9BADF1C9C1AD /* test_dmg_configuration.cpython-311.pyc */ = {isa = PBXFileReference; path = "test_dmg_configuration.cpython-311.pyc"; sourceTree = "<group>"; };
		22AEB09AD89F72B589A455FF /* StemOutputWriter.swift */ = {isa = PBXFileReference; lastKnownFileType = sourcecode.swift; path = StemOutputWriter.swift; sourceTree = "<group>"; };
		22F69CCF7DC596A0F6645684 /* AudioInputPanelView.swift */ = {isa = PBXFileReference; lastKnownFileType = sourcecode.swift; path = AudioInputPanelView.swift; sourceTree = "<group>"; };
		2420DFD2506EB9AB3A3D0802 /* TemplateButtonOverlayRenderer.app */ = {isa = PBXFileReference; explicitFileType = wrapper.application; includeInIndex = 0; path = TemplateButtonOverlayRenderer.app; sourceTree = BUILT_PRODUCTS_DIR; };
		2CABCD6B574D7F5D900A76F3 /* RootView.swift */ = {isa = PBXFileReference; lastKnownFileType = sourcecode.swift; path = RootView.swift; sourceTree = "<group>"; };
		2FD8870D221F963DF629A51E /* TemplateShellState.swift */ = {isa = PBXFileReference; lastKnownFileType = sourcecode.swift; path = TemplateShellState.swift; sourceTree = "<group>"; };
		2FFC48D671BC2854B8BC03C6 /* SeparationSession.swift */ = {isa = PBXFileReference; lastKnownFileType = sourcecode.swift; path = SeparationSession.swift; sourceTree = "<group>"; };
		30BD99D8253D78AB2EF493D4 /* SeparationJob.swift */ = {isa = PBXFileReference; lastKnownFileType = sourcecode.swift; path = SeparationJob.swift; sourceTree = "<group>"; };
		315B9AD9D6392BCCBFA0101A /* AppLifecycleCoordinator.swift */ = {isa = PBXFileReference; lastKnownFileType = sourcecode.swift; path = AppLifecycleCoordinator.swift; sourceTree = "<group>"; };
		38777D240E2B653DE3FFEC2B /* TEMPLATE_APP_TERMS.md */ = {isa = PBXFileReference; lastKnownFileType = net.daringfireball.markdown; path = TEMPLATE_APP_TERMS.md; sourceTree = "<group>"; };
		38DF6617A5BF2D77D15ADA0C /* AppCommandDispatcher.swift */ = {isa = PBXFileReference; lastKnownFileType = sourcecode.swift; path = AppCommandDispatcher.swift; sourceTree = "<group>"; };
		39619B8B13584C213BD8FA52 /* test_release_record.cpython-311.pyc */ = {isa = PBXFileReference; path = "test_release_record.cpython-311.pyc"; sourceTree = "<group>"; };
		514DDF6747AAA656DA623D24 /* StemOutputPanelView.swift */ = {isa = PBXFileReference; lastKnownFileType = sourcecode.swift; path = StemOutputPanelView.swift; sourceTree = "<group>"; };
		58A7FD0485CF42BE334EC59E /* test_runtime_audit.cpython-311.pyc */ = {isa = PBXFileReference; path = "test_runtime_audit.cpython-311.pyc"; sourceTree = "<group>"; };
		59B68645F3171630A3303F42 /* AppUpdateCoordinator.swift */ = {isa = PBXFileReference; lastKnownFileType = sourcecode.swift; path = AppUpdateCoordinator.swift; sourceTree = "<group>"; };
		5C5F0FC14EEB596CFD35706A /* ExitPresenceContainer.swift */ = {isa = PBXFileReference; lastKnownFileType = sourcecode.swift; path = ExitPresenceContainer.swift; sourceTree = "<group>"; };
		608816B9CA6D3C149F1BECFE /* ToneButtonOverlayRenderer.swift */ = {isa = PBXFileReference; lastKnownFileType = sourcecode.swift; path = ToneButtonOverlayRenderer.swift; sourceTree = "<group>"; };
		6180375E919CB790A55A48B9 /* AppFooterSurfaceView.swift */ = {isa = PBXFileReference; lastKnownFileType = sourcecode.swift; path = AppFooterSurfaceView.swift; sourceTree = "<group>"; };
		6AD43994106677F3D6CB125F /* StemWorkerProcess.swift */ = {isa = PBXFileReference; lastKnownFileType = sourcecode.swift; path = StemWorkerProcess.swift; sourceTree = "<group>"; };
		790AF48F39DD5343CBE881A6 /* ThemeBloomOverlayView.swift */ = {isa = PBXFileReference; lastKnownFileType = sourcecode.swift; path = ThemeBloomOverlayView.swift; sourceTree = "<group>"; };
		8367C76F30B0B438F42F7ED4 /* StemSeparatorTests.xctest */ = {isa = PBXFileReference; explicitFileType = wrapper.cfbundle; includeInIndex = 0; path = StemSeparatorTests.xctest; sourceTree = BUILT_PRODUCTS_DIR; };
		931E25C7AB2E503C4C7B7F38 /* PrimaryDownloadButton.swift */ = {isa = PBXFileReference; lastKnownFileType = sourcecode.swift; path = PrimaryDownloadButton.swift; sourceTree = "<group>"; };
		937C67F1563F730486A9FF73 /* AppLegalDocumentCatalog.swift */ = {isa = PBXFileReference; lastKnownFileType = sourcecode.swift; path = AppLegalDocumentCatalog.swift; sourceTree = "<group>"; };
		9C9B0F4362DA6DB7835A8385 /* AppEnvironment.swift */ = {isa = PBXFileReference; lastKnownFileType = sourcecode.swift; path = AppEnvironment.swift; sourceTree = "<group>"; };
		A495096F093EFB5F1388071E /* TemplateAppApp.swift */ = {isa = PBXFileReference; lastKnownFileType = sourcecode.swift; path = TemplateAppApp.swift; sourceTree = "<group>"; };
		A902CECCB56A0CFC5F765095 /* DownloaderShellView.swift */ = {isa = PBXFileReference; lastKnownFileType = sourcecode.swift; path = DownloaderShellView.swift; sourceTree = "<group>"; };
		AA7B997FB8A6990FFB8233A7 /* RUNTIME_SOURCE_AND_RELINKING.md */ = {isa = PBXFileReference; lastKnownFileType = net.daringfireball.markdown; path = RUNTIME_SOURCE_AND_RELINKING.md; sourceTree = "<group>"; };
		AC2242FF8BD32967600A8E2F /* RuntimeLicenses */ = {isa = PBXFileReference; lastKnownFileType = folder; name = RuntimeLicenses; path = docs/LEGAL/RuntimeLicenses; sourceTree = SOURCE_ROOT; };
		B768AE7006B4CB529434C08C /* ResponsibleUseGateView.swift */ = {isa = PBXFileReference; lastKnownFileType = sourcecode.swift; path = ResponsibleUseGateView.swift; sourceTree = "<group>"; };
		BA37DFAF9DF0E85439EBCDDC /* THIRD_PARTY_NOTICES.md */ = {isa = PBXFileReference; lastKnownFileType = net.daringfireball.markdown; path = THIRD_PARTY_NOTICES.md; sourceTree = "<group>"; };
		BA88B052F2A8D52F091AA96F /* Assets.xcassets */ = {isa = PBXFileReference; lastKnownFileType = folder.assetcatalog; path = Assets.xcassets; sourceTree = "<group>"; };
		BD0439FB8DE83F9E0DE15060 /* TemplateFeaturePanelView.swift */ = {isa = PBXFileReference; lastKnownFileType = sourcecode.swift; path = TemplateFeaturePanelView.swift; sourceTree = "<group>"; };
		BF29846BB57854B5197B4DC6 /* AppSettingsStore.swift */ = {isa = PBXFileReference; lastKnownFileType = sourcecode.swift; path = AppSettingsStore.swift; sourceTree = "<group>"; };
		C1B0F324CD8C4E95D7431232 /* Info.plist */ = {isa = PBXFileReference; lastKnownFileType = text.plist; path = Info.plist; sourceTree = "<group>"; };
		C2879217A8D520BEFF1A3DDF /* test_release_record.py */ = {isa = PBXFileReference; lastKnownFileType = text.script.python; path = test_release_record.py; sourceTree = "<group>"; };
		C4A99C697CF61726B7D2FD58 /* AppFooterSocialLinksView.swift */ = {isa = PBXFileReference; lastKnownFileType = sourcecode.swift; path = AppFooterSocialLinksView.swift; sourceTree = "<group>"; };
		C7CE1E833B57EED2E3F9076A /* JobWorkspace.swift */ = {isa = PBXFileReference; lastKnownFileType = sourcecode.swift; path = JobWorkspace.swift; sourceTree = "<group>"; };
		C849E7230290D95F33F053E6 /* test_dmg_configuration.py */ = {isa = PBXFileReference; lastKnownFileType = text.script.python; path = test_dmg_configuration.py; sourceTree = "<group>"; };
		C850DEB51CE9BC2582008533 /* AppShellBackgroundView.swift */ = {isa = PBXFileReference; lastKnownFileType = sourcecode.swift; path = AppShellBackgroundView.swift; sourceTree = "<group>"; };
		D6F6262CCA5398A31AEE29A4 /* test_runtime_audit.py */ = {isa = PBXFileReference; lastKnownFileType = text.script.python; path = test_runtime_audit.py; sourceTree = "<group>"; };
		DF4C77DA53A94F52D1277BD4 /* ToneControlMotion.swift */ = {isa = PBXFileReference; lastKnownFileType = sourcecode.swift; path = ToneControlMotion.swift; sourceTree = "<group>"; };
		DFABCFD1BEF385568B9BF4EA /* AppTheme.swift */ = {isa = PBXFileReference; lastKnownFileType = sourcecode.swift; path = AppTheme.swift; sourceTree = "<group>"; };
		E2B5F7AE21C9F91779DFBF9B /* JobControl.swift */ = {isa = PBXFileReference; lastKnownFileType = sourcecode.swift; path = JobControl.swift; sourceTree = "<group>"; };
		E359DB3ECC19E7BE70726171 /* AudioPreparationService.swift */ = {isa = PBXFileReference; lastKnownFileType = sourcecode.swift; path = AudioPreparationService.swift; sourceTree = "<group>"; };
		E3C7AA5FE474F2B0F4942712 /* test_public_source_audit.cpython-311.pyc */ = {isa = PBXFileReference; path = "test_public_source_audit.cpython-311.pyc"; sourceTree = "<group>"; };
		E6AB110765C0E0F0C6DE637D /* BrandColumnView.swift */ = {isa = PBXFileReference; lastKnownFileType = sourcecode.swift; path = BrandColumnView.swift; sourceTree = "<group>"; };
		EB14414349ACA9D3CC7A3EF1 /* ThemeCornerView.swift */ = {isa = PBXFileReference; lastKnownFileType = sourcecode.swift; path = ThemeCornerView.swift; sourceTree = "<group>"; };
		F04A64E6C2B0CA964E2C5708 /* SeparationStore.swift */ = {isa = PBXFileReference; lastKnownFileType = sourcecode.swift; path = SeparationStore.swift; sourceTree = "<group>"; };
		F7463691DE9D6483EB32AAB2 /* TEMPLATE_APP_PRIVACY.md */ = {isa = PBXFileReference; lastKnownFileType = net.daringfireball.markdown; path = TEMPLATE_APP_PRIVACY.md; sourceTree = "<group>"; };
		F92EC07445DC92185AC394F6 /* StemSeparatorUITests.xctest */ = {isa = PBXFileReference; explicitFileType = wrapper.cfbundle; includeInIndex = 0; path = StemSeparatorUITests.xctest; sourceTree = BUILT_PRODUCTS_DIR; };
		FE2DB81823889AB605EAA4F3 /* StemSeparatorUITests.swift */ = {isa = PBXFileReference; lastKnownFileType = sourcecode.swift; path = StemSeparatorUITests.swift; sourceTree = "<group>"; };
/* End PBXFileReference section */

/* Begin PBXFrameworksBuildPhase section */
		28B0465E547E1E382BCFB154 /* Frameworks */ = {
			isa = PBXFrameworksBuildPhase;
			buildActionMask = 2147483647;
			files = (
				57D2B1C5A1D0121DD02A53A3 /* Sparkle in Frameworks */,
			);
			runOnlyForDeploymentPostprocessing = 0;
		};
/* End PBXFrameworksBuildPhase section */

/* Begin PBXGroup section */
		0916DA1A36B3ABB666976975 /* TemplateApp */ = {
			isa = PBXGroup;
			children = (
				BA88B052F2A8D52F091AA96F /* Assets.xcassets */,
				C1B0F324CD8C4E95D7431232 /* Info.plist */,
				C2FCF9D3E0AD678903F6FFC4 /* App */,
				A26CD34728352946AD4C1030 /* Separation */,
				FE58F08420731BB834B086A4 /* Shared */,
				DCAFC634334CC5C9DEBF75D7 /* UI */,
			);
			path = TemplateApp;
			sourceTree = "<group>";
		};
		269CD3B26D77B873B9EBBA72 /* Products */ = {
			isa = PBXGroup;
			children = (
				8367C76F30B0B438F42F7ED4 /* StemSeparatorTests.xctest */,
				F92EC07445DC92185AC394F6 /* StemSeparatorUITests.xctest */,
				01ACF3C58AB8F12B87CF5924 /* TemplateApp.app */,
				2420DFD2506EB9AB3A3D0802 /* TemplateButtonOverlayRenderer.app */,
			);
			name = Products;
			sourceTree = "<group>";
		};
		4D4CAED9C1F38427336BE588 /* Application */ = {
			isa = PBXGroup;
			children = (
				2FFC48D671BC2854B8BC03C6 /* SeparationSession.swift */,
				F04A64E6C2B0CA964E2C5708 /* SeparationStore.swift */,
			);
			path = Application;
			sourceTree = "<group>";
		};
		527AC1D0A21488EBC5A7C738 /* Domain */ = {
			isa = PBXGroup;
			children = (
				30BD99D8253D78AB2EF493D4 /* SeparationJob.swift */,
			);
			path = Domain;
			sourceTree = "<group>";
		};
		57F343CFD6BEFDF8E78B86E1 /* UITests */ = {
			isa = PBXGroup;
			children = (
				FE2DB81823889AB605EAA4F3 /* StemSeparatorUITests.swift */,
			);
			path = UITests;
			sourceTree = "<group>";
		};
		64F68FC37F13D96FC046630F /* __pycache__ */ = {
			isa = PBXGroup;
			children = (
				1D128C1D731A9BADF1C9C1AD /* test_dmg_configuration.cpython-311.pyc */,
				E3C7AA5FE474F2B0F4942712 /* test_public_source_audit.cpython-311.pyc */,
				39619B8B13584C213BD8FA52 /* test_release_record.cpython-311.pyc */,
				58A7FD0485CF42BE334EC59E /* test_runtime_audit.cpython-311.pyc */,
			);
			path = __pycache__;
			sourceTree = "<group>";
		};
		65FD8D3E4B8D365E43F169FB /* Separation */ = {
			isa = PBXGroup;
			children = (
				22F69CCF7DC596A0F6645684 /* AudioInputPanelView.swift */,
				514DDF6747AAA656DA623D24 /* StemOutputPanelView.swift */,
			);
			path = Separation;
			sourceTree = "<group>";
		};
		88F6533AC5E523662BD078C8 /* Tools */ = {
			isa = PBXGroup;
			children = (
				B39F52AA9F5412F3D0332999 /* ToneButtonOverlayRenderer */,
			);
			path = Tools;
			sourceTree = "<group>";
		};
		9BD32E50303A63C168BC216A /* Release */ = {
			isa = PBXGroup;
			children = (
				C849E7230290D95F33F053E6 /* test_dmg_configuration.py */,
				0889DCC446E7EA33D28849B6 /* test_public_source_audit.py */,
				C2879217A8D520BEFF1A3DDF /* test_release_record.py */,
				D6F6262CCA5398A31AEE29A4 /* test_runtime_audit.py */,
				64F68FC37F13D96FC046630F /* __pycache__ */,
			);
			path = Release;
			sourceTree = "<group>";
		};
		9D6F2D2284C7FE044E37DBF9 /* docs */ = {
			isa = PBXGroup;
			children = (
				EB7ED0DF0727163913C1216D /* LEGAL */,
			);
			path = docs;
			sourceTree = "<group>";
		};
		A26CD34728352946AD4C1030 /* Separation */ = {
			isa = PBXGroup;
			children = (
				4D4CAED9C1F38427336BE588 /* Application */,
				527AC1D0A21488EBC5A7C738 /* Domain */,
				B140EE25B3EA3AF79099B433 /* Infrastructure */,
			);
			path = Separation;
			sourceTree = "<group>";
		};
		B140EE25B3EA3AF79099B433 /* Infrastructure */ = {
			isa = PBXGroup;
			children = (
				E359DB3ECC19E7BE70726171 /* AudioPreparationService.swift */,
				E2B5F7AE21C9F91779DFBF9B /* JobControl.swift */,
				C7CE1E833B57EED2E3F9076A /* JobWorkspace.swift */,
				22AEB09AD89F72B589A455FF /* StemOutputWriter.swift */,
				6AD43994106677F3D6CB125F /* StemWorkerProcess.swift */,
			);
			path = Infrastructure;
			sourceTree = "<group>";
		};
		B39F52AA9F5412F3D0332999 /* ToneButtonOverlayRenderer */ = {
			isa = PBXGroup;
			children = (
				608816B9CA6D3C149F1BECFE /* ToneButtonOverlayRenderer.swift */,
			);
			path = ToneButtonOverlayRenderer;
			sourceTree = "<group>";
		};
		BF1EFD04A5046DB88D1B9B97 /* Tests */ = {
			isa = PBXGroup;
			children = (
				0EBCEF816BB66D8087F477F0 /* SeparationTests.swift */,
				9BD32E50303A63C168BC216A /* Release */,
			);
			path = Tests;
			sourceTree = "<group>";
		};
		C2FCF9D3E0AD678903F6FFC4 /* App */ = {
			isa = PBXGroup;
			children = (
				38DF6617A5BF2D77D15ADA0C /* AppCommandDispatcher.swift */,
				9C9B0F4362DA6DB7835A8385 /* AppEnvironment.swift */,
				315B9AD9D6392BCCBFA0101A /* AppLifecycleCoordinator.swift */,
				BF29846BB57854B5197B4DC6 /* AppSettingsStore.swift */,
				59B68645F3171630A3303F42 /* AppUpdateCoordinator.swift */,
				A495096F093EFB5F1388071E /* TemplateAppApp.swift */,
				2FD8870D221F963DF629A51E /* TemplateShellState.swift */,
			);
			path = App;
			sourceTree = "<group>";
		};
		D4A47D1E5AF54F9F6467E35A /* Components */ = {
			isa = PBXGroup;
			children = (
				C4A99C697CF61726B7D2FD58 /* AppFooterSocialLinksView.swift */,
				6180375E919CB790A55A48B9 /* AppFooterSurfaceView.swift */,
				937C67F1563F730486A9FF73 /* AppLegalDocumentCatalog.swift */,
				00D9A7F5D5AD7ED7F5B821C0 /* AppLegalDocumentModalView.swift */,
				C850DEB51CE9BC2582008533 /* AppShellBackgroundView.swift */,
				E6AB110765C0E0F0C6DE637D /* BrandColumnView.swift */,
				1114495D82EEFE3AE371DC0C /* BrandLogoMarkView.swift */,
				5C5F0FC14EEB596CFD35706A /* ExitPresenceContainer.swift */,
				931E25C7AB2E503C4C7B7F38 /* PrimaryDownloadButton.swift */,
				14E8F93D9F82F283040DB353 /* SecondaryActionButton.swift */,
				BD0439FB8DE83F9E0DE15060 /* TemplateFeaturePanelView.swift */,
				790AF48F39DD5343CBE881A6 /* ThemeBloomOverlayView.swift */,
				EB14414349ACA9D3CC7A3EF1 /* ThemeCornerView.swift */,
				DF4C77DA53A94F52D1277BD4 /* ToneControlMotion.swift */,
			);
			path = Components;
			sourceTree = "<group>";
		};
		DCAFC634334CC5C9DEBF75D7 /* UI */ = {
			isa = PBXGroup;
			children = (
				A902CECCB56A0CFC5F765095 /* DownloaderShellView.swift */,
				B768AE7006B4CB529434C08C /* ResponsibleUseGateView.swift */,
				2CABCD6B574D7F5D900A76F3 /* RootView.swift */,
				D4A47D1E5AF54F9F6467E35A /* Components */,
				65FD8D3E4B8D365E43F169FB /* Separation */,
			);
			path = UI;
			sourceTree = "<group>";
		};
		EB7ED0DF0727163913C1216D /* LEGAL */ = {
			isa = PBXGroup;
			children = (
				AA7B997FB8A6990FFB8233A7 /* RUNTIME_SOURCE_AND_RELINKING.md */,
				AC2242FF8BD32967600A8E2F /* RuntimeLicenses */,
				F7463691DE9D6483EB32AAB2 /* TEMPLATE_APP_PRIVACY.md */,
				38777D240E2B653DE3FFEC2B /* TEMPLATE_APP_TERMS.md */,
				BA37DFAF9DF0E85439EBCDDC /* THIRD_PARTY_NOTICES.md */,
			);
			path = LEGAL;
			sourceTree = "<group>";
		};
		FCA934FE51230364BA01EDCA = {
			isa = PBXGroup;
			children = (
				9D6F2D2284C7FE044E37DBF9 /* docs */,
				0916DA1A36B3ABB666976975 /* TemplateApp */,
				BF1EFD04A5046DB88D1B9B97 /* Tests */,
				88F6533AC5E523662BD078C8 /* Tools */,
				57F343CFD6BEFDF8E78B86E1 /* UITests */,
				269CD3B26D77B873B9EBBA72 /* Products */,
			);
			sourceTree = "<group>";
		};
		FE58F08420731BB834B086A4 /* Shared */ = {
			isa = PBXGroup;
			children = (
				DFABCFD1BEF385568B9BF4EA /* AppTheme.swift */,
			);
			path = Shared;
			sourceTree = "<group>";
		};
/* End PBXGroup section */

/* Begin PBXNativeTarget section */
		0D2D6FBC1E0C019220733143 /* StemSeparatorUITests */ = {
			isa = PBXNativeTarget;
			buildConfigurationList = 33FAD944E20A372AC976A7D2 /* Build configuration list for PBXNativeTarget "StemSeparatorUITests" */;
			buildPhases = (
				51CB389C5F18B0EB462C933A /* Sources */,
			);
			buildRules = (
			);
			dependencies = (
				4E6DCFAEA84CB2976F88B206 /* PBXTargetDependency */,
			);
			name = StemSeparatorUITests;
			packageProductDependencies = (
			);
			productName = StemSeparatorUITests;
			productReference = F92EC07445DC92185AC394F6 /* StemSeparatorUITests.xctest */;
			productType = "com.apple.product-type.bundle.ui-testing";
		};
		1B8EE6D6898FF3DDE7EDA93C /* TemplateButtonOverlayRenderer */ = {
			isa = PBXNativeTarget;
			buildConfigurationList = 1AB78C7E27D288F622C1D916 /* Build configuration list for PBXNativeTarget "TemplateButtonOverlayRenderer" */;
			buildPhases = (
				EBC78D06F6E4BAA9B84EB1E2 /* Sources */,
			);
			buildRules = (
			);
			dependencies = (
			);
			name = TemplateButtonOverlayRenderer;
			packageProductDependencies = (
			);
			productName = TemplateButtonOverlayRenderer;
			productReference = 2420DFD2506EB9AB3A3D0802 /* TemplateButtonOverlayRenderer.app */;
			productType = "com.apple.product-type.application";
		};
		9ECF2E895EE32CFE01DB679E /* StemSeparatorTests */ = {
			isa = PBXNativeTarget;
			buildConfigurationList = 027FCF1B150DA6B191EEA5D0 /* Build configuration list for PBXNativeTarget "StemSeparatorTests" */;
			buildPhases = (
				2D211577D27B1BD6C8794AF5 /* Sources */,
				D6129F16BC932AB027FE3685 /* Resources */,
			);
			buildRules = (
			);
			dependencies = (
				A3477F2F55B0BAB9E2FD65FC /* PBXTargetDependency */,
			);
			name = StemSeparatorTests;
			packageProductDependencies = (
			);
			productName = StemSeparatorTests;
			productReference = 8367C76F30B0B438F42F7ED4 /* StemSeparatorTests.xctest */;
			productType = "com.apple.product-type.bundle.unit-test";
		};
		FF9475F9CF7E79D6AA9EE50E /* TemplateApp */ = {
			isa = PBXNativeTarget;
			buildConfigurationList = D9D2E133C79693D4E1028FD5 /* Build configuration list for PBXNativeTarget "TemplateApp" */;
			buildPhases = (
				1B42A24DBBCFDB1F4E66B9DB /* Sources */,
				0DA398F5024BEC48396F6CDF /* Resources */,
				28B0465E547E1E382BCFB154 /* Frameworks */,
				19CABB22CAB829AC34FBBB3D /* Embed bundled separation runtime */,
			);
			buildRules = (
			);
			dependencies = (
			);
			name = TemplateApp;
			packageProductDependencies = (
				12E4B448DB4E8BC14F677414 /* Sparkle */,
			);
			productName = TemplateApp;
			productReference = 01ACF3C58AB8F12B87CF5924 /* TemplateApp.app */;
			productType = "com.apple.product-type.application";
		};
/* End PBXNativeTarget section */

/* Begin PBXProject section */
		2BF7CC23E6F7C85CA8CC3C42 /* Project object */ = {
			isa = PBXProject;
			attributes = {
				BuildIndependentTargetsInParallel = YES;
				LastUpgradeCheck = 1430;
				TargetAttributes = {
					0D2D6FBC1E0C019220733143 = {
						TestTargetID = FF9475F9CF7E79D6AA9EE50E;
					};
				};
			};
			buildConfigurationList = 6B569AAA570DF7055BEBA167 /* Build configuration list for PBXProject "TemplateApp" */;
			developmentRegion = en;
			hasScannedForEncodings = 0;
			knownRegions = (
				Base,
				en,
			);
			mainGroup = FCA934FE51230364BA01EDCA;
			minimizedProjectReferenceProxies = 1;
			packageReferences = (
				3DF2AFF1EBE5C8CD9B9BDBB4 /* XCRemoteSwiftPackageReference "Sparkle" */,
			);
			preferredProjectObjectVersion = 77;
			productRefGroup = 269CD3B26D77B873B9EBBA72 /* Products */;
			projectDirPath = "";
			projectRoot = "";
			targets = (
				FF9475F9CF7E79D6AA9EE50E /* TemplateApp */,
				0D2D6FBC1E0C019220733143 /* StemSeparatorUITests */,
				9ECF2E895EE32CFE01DB679E /* StemSeparatorTests */,
				1B8EE6D6898FF3DDE7EDA93C /* TemplateButtonOverlayRenderer */,
			);
		};
/* End PBXProject section */

/* Begin PBXResourcesBuildPhase section */
		0DA398F5024BEC48396F6CDF /* Resources */ = {
			isa = PBXResourcesBuildPhase;
			buildActionMask = 2147483647;
			files = (
				6BA30719EF28AC5DA1656725 /* Assets.xcassets in Resources */,
				18873BDA2E197F2BC8B09342 /* RUNTIME_SOURCE_AND_RELINKING.md in Resources */,
				EE014BB44BA63077525A5B5C /* RuntimeLicenses in Resources */,
				7AE0BDB154418FD9227CACD1 /* TEMPLATE_APP_PRIVACY.md in Resources */,
				E34CA4598004450E720D0C00 /* TEMPLATE_APP_TERMS.md in Resources */,
				CF9A9834C184BA2220E933DE /* THIRD_PARTY_NOTICES.md in Resources */,
			);
			runOnlyForDeploymentPostprocessing = 0;
		};
		D6129F16BC932AB027FE3685 /* Resources */ = {
			isa = PBXResourcesBuildPhase;
			buildActionMask = 2147483647;
			files = (
				3910642C845C2D3EEF352E14 /* test_dmg_configuration.cpython-311.pyc in Resources */,
				A27256EA0D32E91B1FFEDA4A /* test_dmg_configuration.py in Resources */,
				03D53A6EB4CBD1DB79221C3B /* test_public_source_audit.cpython-311.pyc in Resources */,
				B8294C121A3B3912013E8561 /* test_public_source_audit.py in Resources */,
				F9665FD5CBD1A819B58F13F3 /* test_release_record.cpython-311.pyc in Resources */,
				0654DC22E2501B4951A26BFE /* test_release_record.py in Resources */,
				47694EAE294901DAFA05A8FB /* test_runtime_audit.cpython-311.pyc in Resources */,
				D15967DA01EFAD36F01E11CD /* test_runtime_audit.py in Resources */,
			);
			runOnlyForDeploymentPostprocessing = 0;
		};
/* End PBXResourcesBuildPhase section */

/* Begin PBXShellScriptBuildPhase section */
		19CABB22CAB829AC34FBBB3D /* Embed bundled separation runtime */ = {
			isa = PBXShellScriptBuildPhase;
			alwaysOutOfDate = 1;
			buildActionMask = 2147483647;
			files = (
			);
			inputFileListPaths = (
			);
			inputPaths = (
			);
			name = "Embed bundled separation runtime";
			outputFileListPaths = (
			);
			outputPaths = (
			);
			runOnlyForDeploymentPostprocessing = 0;
			shellPath = /bin/sh;
			shellScript = "\"$SRCROOT/scripts/embed_stem_runtime.sh\"";
		};
/* End PBXShellScriptBuildPhase section */

/* Begin PBXSourcesBuildPhase section */
		1B42A24DBBCFDB1F4E66B9DB /* Sources */ = {
			isa = PBXSourcesBuildPhase;
			buildActionMask = 2147483647;
			files = (
				769EC81DA7D2FE7A0BFF102D /* AppCommandDispatcher.swift in Sources */,
				DCD489F6AB0CEE2375C76ED9 /* AppEnvironment.swift in Sources */,
				59C828F49CB92F7339668CBF /* AppFooterSocialLinksView.swift in Sources */,
				EDFDDE775ED9580F62B2CE6D /* AppFooterSurfaceView.swift in Sources */,
				079332B9FB6FBCB05DED167A /* AppLegalDocumentCatalog.swift in Sources */,
				3C38562944EBA63FA339382E /* AppLegalDocumentModalView.swift in Sources */,
				6DE00BEE942685BEEB1E2CBD /* AppLifecycleCoordinator.swift in Sources */,
				C7E5C7EDBEBA14A614EDEA2C /* AppSettingsStore.swift in Sources */,
				26FA8CFBCE47AE6575D863D1 /* AppShellBackgroundView.swift in Sources */,
				3A906241051D4C7BB2A140C0 /* AppTheme.swift in Sources */,
				6CD6D24FFCD37E1CBD05E20E /* AppUpdateCoordinator.swift in Sources */,
				2E8F9EBD2247BB97FF64B786 /* AudioInputPanelView.swift in Sources */,
				D502C1873CD34017FF4CE11F /* AudioPreparationService.swift in Sources */,
				97D36F89FE5A4AA02145F6C3 /* BrandColumnView.swift in Sources */,
				BE8BE8D0EFB6553D9E062A0B /* BrandLogoMarkView.swift in Sources */,
				3EFCCE1A6EE1AA500A1A3D29 /* DownloaderShellView.swift in Sources */,
				462EF1F16545FF2663D10DCB /* ExitPresenceContainer.swift in Sources */,
				938D01EB63B9CE585FE9C937 /* JobControl.swift in Sources */,
				D3D254322EB36131FDFD3AA2 /* JobWorkspace.swift in Sources */,
				11DE171DD66FDDD4C0D43801 /* PrimaryDownloadButton.swift in Sources */,
				59D94F741D41865300A5429D /* ResponsibleUseGateView.swift in Sources */,
				DEE6A53EAF83D7EDCA414454 /* RootView.swift in Sources */,
				1160894EAA05A7EC215319C3 /* SecondaryActionButton.swift in Sources */,
				7AFC92FDC3CBAF4181614111 /* SeparationJob.swift in Sources */,
				18C0040930918FD9BAD82838 /* SeparationSession.swift in Sources */,
				FA2045B93575867BC2765391 /* SeparationStore.swift in Sources */,
				267156A6E7A017C36043F085 /* StemOutputPanelView.swift in Sources */,
				CF6C05F20F9C9DA7D4FF5432 /* StemOutputWriter.swift in Sources */,
				98BC8F19AE104061B96307DD /* StemWorkerProcess.swift in Sources */,
				CB28B323DF2AD2EE948D870F /* TemplateAppApp.swift in Sources */,
				65EF0FA42A1481EB92625898 /* TemplateFeaturePanelView.swift in Sources */,
				D4A2744F9E40D63C6B47A48C /* TemplateShellState.swift in Sources */,
				05762BCDB5FE7A55013C6F45 /* ThemeBloomOverlayView.swift in Sources */,
				09C9B971793E48829CB0AE27 /* ThemeCornerView.swift in Sources */,
				D7868D33D8EA87B58FB5EA7F /* ToneControlMotion.swift in Sources */,
			);
			runOnlyForDeploymentPostprocessing = 0;
		};
		2D211577D27B1BD6C8794AF5 /* Sources */ = {
			isa = PBXSourcesBuildPhase;
			buildActionMask = 2147483647;
			files = (
				A4DF94765451ED06D47A28F5 /* SeparationTests.swift in Sources */,
			);
			runOnlyForDeploymentPostprocessing = 0;
		};
		51CB389C5F18B0EB462C933A /* Sources */ = {
			isa = PBXSourcesBuildPhase;
			buildActionMask = 2147483647;
			files = (
				D06ACCCC0B57FB0DF3DD82E2 /* StemSeparatorUITests.swift in Sources */,
			);
			runOnlyForDeploymentPostprocessing = 0;
		};
		EBC78D06F6E4BAA9B84EB1E2 /* Sources */ = {
			isa = PBXSourcesBuildPhase;
			buildActionMask = 2147483647;
			files = (
				1022BDD4FF31689CCB1D7759 /* AppTheme.swift in Sources */,
				9EF466967D738FAC4D4A383C /* PrimaryDownloadButton.swift in Sources */,
				F9FA9A2D132847D347E77062 /* ToneButtonOverlayRenderer.swift in Sources */,
				6AA05FAC3631F2FCBDE7C349 /* ToneControlMotion.swift in Sources */,
			);
			runOnlyForDeploymentPostprocessing = 0;
		};
/* End PBXSourcesBuildPhase section */

/* Begin PBXTargetDependency section */
		4E6DCFAEA84CB2976F88B206 /* PBXTargetDependency */ = {
			isa = PBXTargetDependency;
			target = FF9475F9CF7E79D6AA9EE50E /* TemplateApp */;
			targetProxy = AF66CCC96F81644CF99DE7A1 /* PBXContainerItemProxy */;
		};
		A3477F2F55B0BAB9E2FD65FC /* PBXTargetDependency */ = {
			isa = PBXTargetDependency;
			target = FF9475F9CF7E79D6AA9EE50E /* TemplateApp */;
			targetProxy = E2090990DCCEF7422736A79C /* PBXContainerItemProxy */;
		};
/* End PBXTargetDependency section */

/* Begin XCBuildConfiguration section */
		027EEA77683F824583D664CF /* Release */ = {
			isa = XCBuildConfiguration;
			buildSettings = {
				ASSETCATALOG_COMPILER_APPICON_NAME = AppIcon;
				CODE_SIGNING_ALLOWED = NO;
				COMBINE_HIDPI_IMAGES = YES;
				GENERATE_INFOPLIST_FILE = YES;
				LD_RUNPATH_SEARCH_PATHS = (
					"$(inherited)",
					"@executable_path/../Frameworks",
				);
				MACOSX_DEPLOYMENT_TARGET = 14.0;
				PRODUCT_BUNDLE_IDENTIFIER = com.oliviergrenierbedard.templateapp.buttonoverlayrenderer;
				PRODUCT_NAME = TemplateButtonOverlayRenderer;
				SDKROOT = macosx;
				SUPPORTS_MAC_DESIGNED_FOR_IPHONE_IPAD = NO;
				SWIFT_EMIT_LOC_STRINGS = NO;
			};
			name = Release;
		};
		0661306B5C8B98E4EDA1359C /* Debug */ = {
			isa = XCBuildConfiguration;
			buildSettings = {
				ASSETCATALOG_COMPILER_APPICON_NAME = AppIcon;
				CODE_SIGNING_ALLOWED = NO;
				COMBINE_HIDPI_IMAGES = YES;
				GENERATE_INFOPLIST_FILE = YES;
				LD_RUNPATH_SEARCH_PATHS = (
					"$(inherited)",
					"@executable_path/../Frameworks",
				);
				MACOSX_DEPLOYMENT_TARGET = 14.0;
				PRODUCT_BUNDLE_IDENTIFIER = com.oliviergrenierbedard.templateapp.buttonoverlayrenderer;
				PRODUCT_NAME = TemplateButtonOverlayRenderer;
				SDKROOT = macosx;
				SUPPORTS_MAC_DESIGNED_FOR_IPHONE_IPAD = NO;
				SWIFT_EMIT_LOC_STRINGS = NO;
			};
			name = Debug;
		};
		0AD99ACDA37533908A37B988 /* Debug */ = {
			isa = XCBuildConfiguration;
			buildSettings = {
				ALWAYS_SEARCH_USER_PATHS = NO;
				ARCHS = arm64;
				CLANG_ANALYZER_NONNULL = YES;
				CLANG_ANALYZER_NUMBER_OBJECT_CONVERSION = YES_AGGRESSIVE;
				CLANG_CXX_LANGUAGE_STANDARD = "gnu++14";
				CLANG_CXX_LIBRARY = "libc++";
				CLANG_ENABLE_MODULES = YES;
				CLANG_ENABLE_OBJC_ARC = YES;
				CLANG_ENABLE_OBJC_WEAK = YES;
				CLANG_WARN_BLOCK_CAPTURE_AUTORELEASING = YES;
				CLANG_WARN_BOOL_CONVERSION = YES;
				CLANG_WARN_COMMA = YES;
				CLANG_WARN_CONSTANT_CONVERSION = YES;
				CLANG_WARN_DEPRECATED_OBJC_IMPLEMENTATIONS = YES;
				CLANG_WARN_DIRECT_OBJC_ISA_USAGE = YES_ERROR;
				CLANG_WARN_DOCUMENTATION_COMMENTS = YES;
				CLANG_WARN_EMPTY_BODY = YES;
				CLANG_WARN_ENUM_CONVERSION = YES;
				CLANG_WARN_INFINITE_RECURSION = YES;
				CLANG_WARN_INT_CONVERSION = YES;
				CLANG_WARN_NON_LITERAL_NULL_CONVERSION = YES;
				CLANG_WARN_OBJC_IMPLICIT_RETAIN_SELF = YES;
				CLANG_WARN_OBJC_LITERAL_CONVERSION = YES;
				CLANG_WARN_OBJC_ROOT_CLASS = YES_ERROR;
				CLANG_WARN_QUOTED_INCLUDE_IN_FRAMEWORK_HEADER = YES;
				CLANG_WARN_RANGE_LOOP_ANALYSIS = YES;
				CLANG_WARN_STRICT_PROTOTYPES = YES;
				CLANG_WARN_SUSPICIOUS_MOVE = YES;
				CLANG_WARN_UNGUARDED_AVAILABILITY = YES_AGGRESSIVE;
				CLANG_WARN_UNREACHABLE_CODE = YES;
				CLANG_WARN__DUPLICATE_METHOD_MATCH = YES;
				COPY_PHASE_STRIP = NO;
				CURRENT_PROJECT_VERSION = 100;
				DEBUG_INFORMATION_FORMAT = dwarf;
				ENABLE_STRICT_OBJC_MSGSEND = YES;
				ENABLE_TESTABILITY = YES;
				GCC_C_LANGUAGE_STANDARD = gnu11;
				GCC_DYNAMIC_NO_PIC = NO;
				GCC_NO_COMMON_BLOCKS = YES;
				GCC_OPTIMIZATION_LEVEL = 0;
				GCC_PREPROCESSOR_DEFINITIONS = (
					"$(inherited)",
					"DEBUG=1",
				);
				GCC_WARN_64_TO_32_BIT_CONVERSION = YES;
				GCC_WARN_ABOUT_RETURN_TYPE = YES_ERROR;
				GCC_WARN_UNDECLARED_SELECTOR = YES;
				GCC_WARN_UNINITIALIZED_AUTOS = YES_AGGRESSIVE;
				GCC_WARN_UNUSED_FUNCTION = YES;
				GCC_WARN_UNUSED_VARIABLE = YES;
				MARKETING_VERSION = 0.1.0;
				MTL_ENABLE_DEBUG_INFO = INCLUDE_SOURCE;
				MTL_FAST_MATH = YES;
				ONLY_ACTIVE_ARCH = YES;
				PRODUCT_NAME = "$(TARGET_NAME)";
				SDKROOT = macosx;
				SWIFT_ACTIVE_COMPILATION_CONDITIONS = DEBUG;
				SWIFT_OPTIMIZATION_LEVEL = "-Onone";
				SWIFT_VERSION = 6.0;
				TEMPLATE_APP_SPARKLE_APPCAST_URL = "https://github.com/olivierbedardjazz-star/stem-separator/releases/latest/download/appcast.xml";
				TEMPLATE_APP_SPARKLE_PUBLIC_ED_KEY = "DwuDwRpfMXxvkOnzf97LB5K+bNKfu1f03kCPTMtAjSw=";
			};
			name = Debug;
		};
		714167D4AE8CD802D7AC97E2 /* Debug */ = {
			isa = XCBuildConfiguration;
			buildSettings = {
				ASSETCATALOG_COMPILER_APPICON_NAME = AppIcon;
				CODE_SIGNING_ALLOWED = NO;
				COMBINE_HIDPI_IMAGES = YES;
				INFOPLIST_FILE = TemplateApp/Info.plist;
				LD_RUNPATH_SEARCH_PATHS = (
					"$(inherited)",
					"@executable_path/../Frameworks",
				);
				MACOSX_DEPLOYMENT_TARGET = 14.0;
				PRODUCT_BUNDLE_IDENTIFIER = com.oliviergrenierbedard.stemseparator;
				PRODUCT_MODULE_NAME = TemplateApp;
				PRODUCT_NAME = "Stem Separator";
				SDKROOT = macosx;
				SKIP_INSTALL = NO;
				SUPPORTS_MAC_DESIGNED_FOR_IPHONE_IPAD = NO;
				SWIFT_EMIT_LOC_STRINGS = NO;
			};
			name = Debug;
		};
		7BA7E00B2E4BF312B3183E13 /* Release */ = {
			isa = XCBuildConfiguration;
			buildSettings = {
				BUNDLE_LOADER = "$(TEST_HOST)";
				CODE_SIGNING_ALLOWED = NO;
				COMBINE_HIDPI_IMAGES = YES;
				GENERATE_INFOPLIST_FILE = YES;
				LD_RUNPATH_SEARCH_PATHS = (
					"$(inherited)",
					"@executable_path/../Frameworks",
					"@loader_path/../Frameworks",
				);
				MACOSX_DEPLOYMENT_TARGET = 14.0;
				PRODUCT_BUNDLE_IDENTIFIER = com.oliviergrenierbedard.stemseparator.tests;
				SDKROOT = macosx;
				TEST_HOST = "$(BUILT_PRODUCTS_DIR)/Stem Separator.app/Contents/MacOS/Stem Separator";
			};
			name = Release;
		};
		7E4B9A29691E6025ED80BF1C /* Debug */ = {
			isa = XCBuildConfiguration;
			buildSettings = {
				BUNDLE_LOADER = "$(TEST_HOST)";
				CODE_SIGNING_ALLOWED = NO;
				COMBINE_HIDPI_IMAGES = YES;
				GENERATE_INFOPLIST_FILE = YES;
				LD_RUNPATH_SEARCH_PATHS = (
					"$(inherited)",
					"@executable_path/../Frameworks",
					"@loader_path/../Frameworks",
				);
				MACOSX_DEPLOYMENT_TARGET = 14.0;
				PRODUCT_BUNDLE_IDENTIFIER = com.oliviergrenierbedard.stemseparator.tests;
				SDKROOT = macosx;
				TEST_HOST = "$(BUILT_PRODUCTS_DIR)/Stem Separator.app/Contents/MacOS/Stem Separator";
			};
			name = Debug;
		};
		8679E2164F6B42DE5F521690 /* Release */ = {
			isa = XCBuildConfiguration;
			buildSettings = {
				BUNDLE_LOADER = "$(TEST_HOST)";
				CODE_SIGNING_ALLOWED = NO;
				COMBINE_HIDPI_IMAGES = YES;
				GENERATE_INFOPLIST_FILE = YES;
				LD_RUNPATH_SEARCH_PATHS = (
					"$(inherited)",
					"@executable_path/Frameworks",
					"@loader_path/Frameworks",
				);
				MACOSX_DEPLOYMENT_TARGET = 14.0;
				PRODUCT_BUNDLE_IDENTIFIER = com.oliviergrenierbedard.stemseparator.uitests;
				SDKROOT = macosx;
				TEST_TARGET_NAME = TemplateApp;
			};
			name = Release;
		};
		8AE99F49250764074FEB7642 /* Release */ = {
			isa = XCBuildConfiguration;
			buildSettings = {
				ALWAYS_SEARCH_USER_PATHS = NO;
				ARCHS = arm64;
				CLANG_ANALYZER_NONNULL = YES;
				CLANG_ANALYZER_NUMBER_OBJECT_CONVERSION = YES_AGGRESSIVE;
				CLANG_CXX_LANGUAGE_STANDARD = "gnu++14";
				CLANG_CXX_LIBRARY = "libc++";
				CLANG_ENABLE_MODULES = YES;
				CLANG_ENABLE_OBJC_ARC = YES;
				CLANG_ENABLE_OBJC_WEAK = YES;
				CLANG_WARN_BLOCK_CAPTURE_AUTORELEASING = YES;
				CLANG_WARN_BOOL_CONVERSION = YES;
				CLANG_WARN_COMMA = YES;
				CLANG_WARN_CONSTANT_CONVERSION = YES;
				CLANG_WARN_DEPRECATED_OBJC_IMPLEMENTATIONS = YES;
				CLANG_WARN_DIRECT_OBJC_ISA_USAGE = YES_ERROR;
				CLANG_WARN_DOCUMENTATION_COMMENTS = YES;
				CLANG_WARN_EMPTY_BODY = YES;
				CLANG_WARN_ENUM_CONVERSION = YES;
				CLANG_WARN_INFINITE_RECURSION = YES;
				CLANG_WARN_INT_CONVERSION = YES;
				CLANG_WARN_NON_LITERAL_NULL_CONVERSION = YES;
				CLANG_WARN_OBJC_IMPLICIT_RETAIN_SELF = YES;
				CLANG_WARN_OBJC_LITERAL_CONVERSION = YES;
				CLANG_WARN_OBJC_ROOT_CLASS = YES_ERROR;
				CLANG_WARN_QUOTED_INCLUDE_IN_FRAMEWORK_HEADER = YES;
				CLANG_WARN_RANGE_LOOP_ANALYSIS = YES;
				CLANG_WARN_STRICT_PROTOTYPES = YES;
				CLANG_WARN_SUSPICIOUS_MOVE = YES;
				CLANG_WARN_UNGUARDED_AVAILABILITY = YES_AGGRESSIVE;
				CLANG_WARN_UNREACHABLE_CODE = YES;
				CLANG_WARN__DUPLICATE_METHOD_MATCH = YES;
				COPY_PHASE_STRIP = NO;
				CURRENT_PROJECT_VERSION = 100;
				DEBUG_INFORMATION_FORMAT = "dwarf-with-dsym";
				ENABLE_NS_ASSERTIONS = NO;
				ENABLE_STRICT_OBJC_MSGSEND = YES;
				GCC_C_LANGUAGE_STANDARD = gnu11;
				GCC_NO_COMMON_BLOCKS = YES;
				GCC_WARN_64_TO_32_BIT_CONVERSION = YES;
				GCC_WARN_ABOUT_RETURN_TYPE = YES_ERROR;
				GCC_WARN_UNDECLARED_SELECTOR = YES;
				GCC_WARN_UNINITIALIZED_AUTOS = YES_AGGRESSIVE;
				GCC_WARN_UNUSED_FUNCTION = YES;
				GCC_WARN_UNUSED_VARIABLE = YES;
				MARKETING_VERSION = 0.1.0;
				MTL_ENABLE_DEBUG_INFO = NO;
				MTL_FAST_MATH = YES;
				ONLY_ACTIVE_ARCH = YES;
				PRODUCT_NAME = "$(TARGET_NAME)";
				SDKROOT = macosx;
				SWIFT_COMPILATION_MODE = wholemodule;
				SWIFT_OPTIMIZATION_LEVEL = "-O";
				SWIFT_VERSION = 6.0;
				TEMPLATE_APP_SPARKLE_APPCAST_URL = "https://github.com/olivierbedardjazz-star/stem-separator/releases/latest/download/appcast.xml";
				TEMPLATE_APP_SPARKLE_PUBLIC_ED_KEY = "DwuDwRpfMXxvkOnzf97LB5K+bNKfu1f03kCPTMtAjSw=";
			};
			name = Release;
		};
		ADD59C68E07EB6B7E85574AC /* Release */ = {
			isa = XCBuildConfiguration;
			buildSettings = {
				ASSETCATALOG_COMPILER_APPICON_NAME = AppIcon;
				CODE_SIGNING_ALLOWED = NO;
				COMBINE_HIDPI_IMAGES = YES;
				ENABLE_HARDENED_RUNTIME = YES;
				INFOPLIST_FILE = TemplateApp/Info.plist;
				LD_RUNPATH_SEARCH_PATHS = (
					"$(inherited)",
					"@executable_path/../Frameworks",
				);
				MACOSX_DEPLOYMENT_TARGET = 14.0;
				PRODUCT_BUNDLE_IDENTIFIER = com.oliviergrenierbedard.stemseparator;
				PRODUCT_MODULE_NAME = TemplateApp;
				PRODUCT_NAME = "Stem Separator";
				SDKROOT = macosx;
				SKIP_INSTALL = NO;
				SUPPORTS_MAC_DESIGNED_FOR_IPHONE_IPAD = NO;
				SWIFT_EMIT_LOC_STRINGS = NO;
			};
			name = Release;
		};
		C60A379DDD9CBCD34A5A57D1 /* Debug */ = {
			isa = XCBuildConfiguration;
			buildSettings = {
				BUNDLE_LOADER = "$(TEST_HOST)";
				CODE_SIGNING_ALLOWED = NO;
				COMBINE_HIDPI_IMAGES = YES;
				GENERATE_INFOPLIST_FILE = YES;
				LD_RUNPATH_SEARCH_PATHS = (
					"$(inherited)",
					"@executable_path/Frameworks",
					"@loader_path/Frameworks",
				);
				MACOSX_DEPLOYMENT_TARGET = 14.0;
				PRODUCT_BUNDLE_IDENTIFIER = com.oliviergrenierbedard.stemseparator.uitests;
				SDKROOT = macosx;
				TEST_TARGET_NAME = TemplateApp;
			};
			name = Debug;
		};
/* End XCBuildConfiguration section */

/* Begin XCConfigurationList section */
		027FCF1B150DA6B191EEA5D0 /* Build configuration list for PBXNativeTarget "StemSeparatorTests" */ = {
			isa = XCConfigurationList;
			buildConfigurations = (
				7E4B9A29691E6025ED80BF1C /* Debug */,
				7BA7E00B2E4BF312B3183E13 /* Release */,
			);
			defaultConfigurationIsVisible = 0;
			defaultConfigurationName = Debug;
		};
		1AB78C7E27D288F622C1D916 /* Build configuration list for PBXNativeTarget "TemplateButtonOverlayRenderer" */ = {
			isa = XCConfigurationList;
			buildConfigurations = (
				0661306B5C8B98E4EDA1359C /* Debug */,
				027EEA77683F824583D664CF /* Release */,
			);
			defaultConfigurationIsVisible = 0;
			defaultConfigurationName = Debug;
		};
		33FAD944E20A372AC976A7D2 /* Build configuration list for PBXNativeTarget "StemSeparatorUITests" */ = {
			isa = XCConfigurationList;
			buildConfigurations = (
				C60A379DDD9CBCD34A5A57D1 /* Debug */,
				8679E2164F6B42DE5F521690 /* Release */,
			);
			defaultConfigurationIsVisible = 0;
			defaultConfigurationName = Debug;
		};
		6B569AAA570DF7055BEBA167 /* Build configuration list for PBXProject "TemplateApp" */ = {
			isa = XCConfigurationList;
			buildConfigurations = (
				0AD99ACDA37533908A37B988 /* Debug */,
				8AE99F49250764074FEB7642 /* Release */,
			);
			defaultConfigurationIsVisible = 0;
			defaultConfigurationName = Debug;
		};
		D9D2E133C79693D4E1028FD5 /* Build configuration list for PBXNativeTarget "TemplateApp" */ = {
			isa = XCConfigurationList;
			buildConfigurations = (
				714167D4AE8CD802D7AC97E2 /* Debug */,
				ADD59C68E07EB6B7E85574AC /* Release */,
			);
			defaultConfigurationIsVisible = 0;
			defaultConfigurationName = Debug;
		};
/* End XCConfigurationList section */

/* Begin XCRemoteSwiftPackageReference section */
		3DF2AFF1EBE5C8CD9B9BDBB4 /* XCRemoteSwiftPackageReference "Sparkle" */ = {
			isa = XCRemoteSwiftPackageReference;
			repositoryURL = "https://github.com/sparkle-project/Sparkle";
			requirement = {
				kind = revision;
				revision = 79bc9e872948e47877e76f194cb0c8e0412b0b90;
			};
		};
/* End XCRemoteSwiftPackageReference section */

/* Begin XCSwiftPackageProductDependency section */
		12E4B448DB4E8BC14F677414 /* Sparkle */ = {
			isa = XCSwiftPackageProductDependency;
			package = 3DF2AFF1EBE5C8CD9B9BDBB4 /* XCRemoteSwiftPackageReference "Sparkle" */;
			productName = Sparkle;
		};
/* End XCSwiftPackageProductDependency section */
	};
	rootObject = 2BF7CC23E6F7C85CA8CC3C42 /* Project object */;
}
